
Microsoft Visual Studio Solution File, Format Version 12.00
# Visual Studio Version 17
VisualStudioVersion = 17.3.32901.215
MinimumVisualStudioVersion = 10.0.40219.1
Project("{2150E333-8FDC-42A3-9474-1A3956D46DE8}") = "Services", "Services", "{51210F47-2957-4974-9161-B34D6CA7F955}"
EndProject
Project("{E53339B2-1760-4266-BCC7-CA923CBCF16C}") = "docker-compose", "docker-compose.dcproj", "{6C501F98-1765-4D96-A151-6AC6F2C38242}"
EndProject
Project("{2150E333-8FDC-42A3-9474-1A3956D46DE8}") = "BuildingBlocks", "BuildingBlocks", "{1242CFC6-1893-45E1-B209-10F6A9A98B53}"
EndProject
Project("{9A19103F-16F7-4668-BE54-9A1E7A4F7556}") = "Common.Logging", "BuildingBlocks\Common.Logging\Common.Logging.csproj", "{4240BB02-89C1-4886-9214-A99A83A816D3}"
EndProject
Project("{9A19103F-16F7-4668-BE54-9A1E7A4F7556}") = "EventBus.Messages", "BuildingBlocks\EventBus.Messages\EventBus.Messages.csproj", "{BE6F1B60-C900-4590-8BA6-DD142DF1697C}"
EndProject
Project("{2150E333-8FDC-42A3-9474-1A3956D46DE8}") = "Authorization", "Authorization", "{E2750413-E825-47F8-88B9-012C2232218D}"
EndProject
Project("{2150E333-8FDC-42A3-9474-1A3956D46DE8}") = "ApiGateway", "ApiGateway", "{66E20F17-E7B3-4B69-9970-75F36DE1C657}"
EndProject
Project("{9A19103F-16F7-4668-BE54-9A1E7A4F7556}") = "ApiGateway", "ApiGateway\ApiGateway.csproj", "{4ACBF864-0EEA-417A-BB7D-BA729C483AF3}"
EndProject
Project("{9A19103F-16F7-4668-BE54-9A1E7A4F7556}") = "JwtAuthenticationManager", "Authorization\JwtAuthenticationManager\JwtAuthenticationManager.csproj", "{B793CC90-B650-40F6-B445-8A31AA29979F}"
EndProject
Project("{9A19103F-16F7-4668-BE54-9A1E7A4F7556}") = "AuthenticationWebApi", "Authorization\AuthenticationWebApi\AuthenticationWebApi.csproj", "{92C2DBE0-C3FC-4ECE-ADE7-37F71E95C4DC}"
EndProject
Project("{2150E333-8FDC-42A3-9474-1A3956D46DE8}") = "Parcel", "Parcel", "{41C94E39-F0C0-4322-A41B-2721CBB23190}"
EndProject
Project("{9A19103F-16F7-4668-BE54-9A1E7A4F7556}") = "ParcelWebApi", "Services\ParcelWebApi\ParcelWebApi.csproj", "{8D43931D-8E81-488A-BAC4-0A61CAF80718}"
EndProject
Global
	GlobalSection(SolutionConfigurationPlatforms) = preSolution
		Debug|Any CPU = Debug|Any CPU
		Release|Any CPU = Release|Any CPU
	EndGlobalSection
	GlobalSection(ProjectConfigurationPlatforms) = postSolution
		{6C501F98-1765-4D96-A151-6AC6F2C38242}.Debug|Any CPU.ActiveCfg = Debug|Any CPU
		{6C501F98-1765-4D96-A151-6AC6F2C38242}.Debug|Any CPU.Build.0 = Debug|Any CPU
		{6C501F98-1765-4D96-A151-6AC6F2C38242}.Release|Any CPU.ActiveCfg = Release|Any CPU
		{6C501F98-1765-4D96-A151-6AC6F2C38242}.Release|Any CPU.Build.0 = Release|Any CPU
		{4240BB02-89C1-4886-9214-A99A83A816D3}.Debug|Any CPU.ActiveCfg = Debug|Any CPU
		{4240BB02-89C1-4886-9214-A99A83A816D3}.Debug|Any CPU.Build.0 = Debug|Any CPU
		{4240BB02-89C1-4886-9214-A99A83A816D3}.Release|Any CPU.ActiveCfg = Release|Any CPU
		{4240BB02-89C1-4886-9214-A99A83A816D3}.Release|Any CPU.Build.0 = Release|Any CPU
		{BE6F1B60-C900-4590-8BA6-DD142DF1697C}.Debug|Any CPU.ActiveCfg = Debug|Any CPU
		{BE6F1B60-C900-4590-8BA6-DD142DF1697C}.Debug|Any CPU.Build.0 = Debug|Any CPU
		{BE6F1B60-C900-4590-8BA6-DD142DF1697C}.Release|Any CPU.ActiveCfg = Release|Any CPU
		{BE6F1B60-C900-4590-8BA6-DD142DF1697C}.Release|Any CPU.Build.0 = Release|Any CPU
		{4ACBF864-0EEA-417A-BB7D-BA729C483AF3}.Debug|Any CPU.ActiveCfg = Debug|Any CPU
		{4ACBF864-0EEA-417A-BB7D-BA729C483AF3}.Debug|Any CPU.Build.0 = Debug|Any CPU
		{4ACBF864-0EEA-417A-BB7D-BA729C483AF3}.Release|Any CPU.ActiveCfg = Release|Any CPU
		{4ACBF864-0EEA-417A-BB7D-BA729C483AF3}.Release|Any CPU.Build.0 = Release|Any CPU
		{B793CC90-B650-40F6-B445-8A31AA29979F}.Debug|Any CPU.ActiveCfg = Debug|Any CPU
		{B793CC90-B650-40F6-B445-8A31AA29979F}.Debug|Any CPU.Build.0 = Debug|Any CPU
		{B793CC90-B650-40F6-B445-8A31AA29979F}.Release|Any CPU.ActiveCfg = Release|Any CPU
		{B793CC90-B650-40F6-B445-8A31AA29979F}.Release|Any CPU.Build.0 = Release|Any CPU
		{92C2DBE0-C3FC-4ECE-ADE7-37F71E95C4DC}.Debug|Any CPU.ActiveCfg = Debug|Any CPU
		{92C2DBE0-C3FC-4ECE-ADE7-37F71E95C4DC}.Debug|Any CPU.Build.0 = Debug|Any CPU
		{92C2DBE0-C3FC-4ECE-ADE7-37F71E95C4DC}.Release|Any CPU.ActiveCfg = Release|Any CPU
		{92C2DBE0-C3FC-4ECE-ADE7-37F71E95C4DC}.Release|Any CPU.Build.0 = Release|Any CPU
		{8D43931D-8E81-488A-BAC4-0A61CAF80718}.Debug|Any CPU.ActiveCfg = Debug|Any CPU
		{8D43931D-8E81-488A-BAC4-0A61CAF80718}.Debug|Any CPU.Build.0 = Debug|Any CPU
		{8D43931D-8E81-488A-BAC4-0A61CAF80718}.Release|Any CPU.ActiveCfg = Release|Any CPU
		{8D43931D-8E81-488A-BAC4-0A61CAF80718}.Release|Any CPU.Build.0 = Release|Any CPU
	EndGlobalSection
	GlobalSection(SolutionProperties) = preSolution
		HideSolutionNode = FALSE
	EndGlobalSection
	GlobalSection(NestedProjects) = preSolution
		{4240BB02-89C1-4886-9214-A99A83A816D3} = {1242CFC6-1893-45E1-B209-10F6A9A98B53}
		{BE6F1B60-C900-4590-8BA6-DD142DF1697C} = {1242CFC6-1893-45E1-B209-10F6A9A98B53}
		{4ACBF864-0EEA-417A-BB7D-BA729C483AF3} = {66E20F17-E7B3-4B69-9970-75F36DE1C657}
		{B793CC90-B650-40F6-B445-8A31AA29979F} = {E2750413-E825-47F8-88B9-012C2232218D}
		{92C2DBE0-C3FC-4ECE-ADE7-37F71E95C4DC} = {E2750413-E825-47F8-88B9-012C2232218D}
		{41C94E39-F0C0-4322-A41B-2721CBB23190} = {51210F47-2957-4974-9161-B34D6CA7F955}
		{8D43931D-8E81-488A-BAC4-0A61CAF80718} = {41C94E39-F0C0-4322-A41B-2721CBB23190}
	EndGlobalSection
	GlobalSection(ExtensibilityGlobals) = postSolution
		SolutionGuid = {FDE96102-13F4-4D14-89C7-14143F54726A}
	EndGlobalSection
EndGlobal
