
Microsoft Visual Studio Solution File, Format Version 12.00
# Visual Studio Version 17
VisualStudioVersion = 17.3.32901.215
MinimumVisualStudioVersion = 10.0.40219.1
Project("{2150E333-8FDC-42A3-9474-1A3956D46DE8}") = "Services", "Services", "{51210F47-2957-4974-9161-B34D6CA7F955}"
EndProject
Project("{E53339B2-1760-4266-BCC7-CA923CBCF16C}") = "docker-compose", "docker-compose.dcproj", "{6C501F98-1765-4D96-A151-6AC6F2C38242}"
EndProject
Project("{2150E333-8FDC-42A3-9474-1A3956D46DE8}") = "BuildingBlocks", "BuildingBlocks", "{1242CFC6-1893-45E1-B209-10F6A9A98B53}"
EndProject
Project("{9A19103F-16F7-4668-BE54-9A1E7A4F7556}") = "Common.Logging", "BuildingBlocks\Common.Logging\Common.Logging.csproj", "{4240BB02-89C1-4886-9214-A99A83A816D3}"
EndProject
Project("{9A19103F-16F7-4668-BE54-9A1E7A4F7556}") = "EventBus.Messages", "BuildingBlocks\EventBus.Messages\EventBus.Messages.csproj", "{BE6F1B60-C900-4590-8BA6-DD142DF1697C}"
EndProject
Project("{2150E333-8FDC-42A3-9474-1A3956D46DE8}") = "Authorization", "Authorization", "{E2750413-E825-47F8-88B9-012C2232218D}"
EndProject
Project("{2150E333-8FDC-42A3-9474-1A3956D46DE8}") = "ApiGateway", "ApiGateway", "{66E20F17-E7B3-4B69-9970-75F36DE1C657}"
EndProject
Project("{9A19103F-16F7-4668-BE54-9A1E7A4F7556}") = "ApiGateway", "ApiGateway\ApiGateway.csproj", "{4ACBF864-0EEA-417A-BB7D-BA729C483AF3}"
EndProject
Project("{9A19103F-16F7-4668-BE54-9A1E7A4F7556}") = "JwtAuthenticationManager", "Authorization\JwtAuthenticationManager\JwtAuthenticationManager.csproj", "{B793CC90-B650-40F6-B445-8A31AA29979F}"
EndProject
Project("{9A19103F-16F7-4668-BE54-9A1E7A4F7556}") = "AuthenticationWebApi", "Authorization\AuthenticationWebApi\AuthenticationWebApi.csproj", "{92C2DBE0-C3FC-4ECE-ADE7-37F71E95C4DC}"
EndProject
Project("{2150E333-8FDC-42A3-9474-1A3956D46DE8}") = "PriceList", "PriceList", "{AD01481B-C918-43CF-85A4-4F82DC2F8B1A}"
EndProject
Project("{9A19103F-16F7-4668-BE54-9A1E7A4F7556}") = "PriceList.API", "Services\PriceList\PriceList.API\PriceList.API.csproj", "{8A142870-B1CB-43BE-9C06-FA10E460619B}"
EndProject
Project("{2150E333-8FDC-42A3-9474-1A3956D46DE8}") = "Order.API", "Order.API", "{B7D204FA-1E0D-4227-A255-25752E44E789}"
EndProject
Project("{9A19103F-16F7-4668-BE54-9A1E7A4F7556}") = "Basket.API", "Services\Order.API\Basket.API\Basket.API.csproj", "{F1AFA399-5B93-45BE-8295-E309AE6FA401}"
EndProject
Project("{2150E333-8FDC-42A3-9474-1A3956D46DE8}") = "Delivery.API", "Delivery.API", "{EC081ABD-A703-44BE-9615-7306E73ED101}"
EndProject
Project("{9A19103F-16F7-4668-BE54-9A1E7A4F7556}") = "Ordering.API", "Services\Delivery.API\Ordering.API\Ordering.API.csproj", "{3532BFCA-0291-4C63-BC33-2AB5986DA0E6}"
EndProject
Project("{9A19103F-16F7-4668-BE54-9A1E7A4F7556}") = "Ordering.Application", "Services\Delivery.API\Ordering.Application\Ordering.Application.csproj", "{DF381D3D-6DCF-42F1-88AF-A9EEEBC33838}"
EndProject
Project("{9A19103F-16F7-4668-BE54-9A1E7A4F7556}") = "Ordering.Domain", "Services\Delivery.API\Ordering.Domain\Ordering.Domain.csproj", "{09843585-9FCD-45AB-9158-F1D29C66C854}"
EndProject
Project("{9A19103F-16F7-4668-BE54-9A1E7A4F7556}") = "Ordering.Infrastructure", "Services\Delivery.API\Ordering.Infrastructure\Ordering.Infrastructure.csproj", "{04D86936-A93F-4FC2-B0F8-F750B5E5E4F9}"
EndProject
Project("{2150E333-8FDC-42A3-9474-1A3956D46DE8}") = "WebApps", "WebApps", "{1A70C23A-7233-42DA-9D1B-7637B866EE71}"
EndProject
Project("{9A19103F-16F7-4668-BE54-9A1E7A4F7556}") = "WebStatus", "WebApps\WebStatus\WebStatus.csproj", "{BA77E840-855B-4472-B88C-8DAD8DA2197A}"
EndProject
Global
	GlobalSection(SolutionConfigurationPlatforms) = preSolution
		Debug|Any CPU = Debug|Any CPU
		Release|Any CPU = Release|Any CPU
	EndGlobalSection
	GlobalSection(ProjectConfigurationPlatforms) = postSolution
		{6C501F98-1765-4D96-A151-6AC6F2C38242}.Debug|Any CPU.ActiveCfg = Debug|Any CPU
		{6C501F98-1765-4D96-A151-6AC6F2C38242}.Debug|Any CPU.Build.0 = Debug|Any CPU
		{6C501F98-1765-4D96-A151-6AC6F2C38242}.Release|Any CPU.ActiveCfg = Release|Any CPU
		{6C501F98-1765-4D96-A151-6AC6F2C38242}.Release|Any CPU.Build.0 = Release|Any CPU
		{4240BB02-89C1-4886-9214-A99A83A816D3}.Debug|Any CPU.ActiveCfg = Debug|Any CPU
		{4240BB02-89C1-4886-9214-A99A83A816D3}.Debug|Any CPU.Build.0 = Debug|Any CPU
		{4240BB02-89C1-4886-9214-A99A83A816D3}.Release|Any CPU.ActiveCfg = Release|Any CPU
		{4240BB02-89C1-4886-9214-A99A83A816D3}.Release|Any CPU.Build.0 = Release|Any CPU
		{BE6F1B60-C900-4590-8BA6-DD142DF1697C}.Debug|Any CPU.ActiveCfg = Debug|Any CPU
		{BE6F1B60-C900-4590-8BA6-DD142DF1697C}.Debug|Any CPU.Build.0 = Debug|Any CPU
		{BE6F1B60-C900-4590-8BA6-DD142DF1697C}.Release|Any CPU.ActiveCfg = Release|Any CPU
		{BE6F1B60-C900-4590-8BA6-DD142DF1697C}.Release|Any CPU.Build.0 = Release|Any CPU
		{4ACBF864-0EEA-417A-BB7D-BA729C483AF3}.Debug|Any CPU.ActiveCfg = Debug|Any CPU
		{4ACBF864-0EEA-417A-BB7D-BA729C483AF3}.Debug|Any CPU.Build.0 = Debug|Any CPU
		{4ACBF864-0EEA-417A-BB7D-BA729C483AF3}.Release|Any CPU.ActiveCfg = Release|Any CPU
		{4ACBF864-0EEA-417A-BB7D-BA729C483AF3}.Release|Any CPU.Build.0 = Release|Any CPU
		{B793CC90-B650-40F6-B445-8A31AA29979F}.Debug|Any CPU.ActiveCfg = Debug|Any CPU
		{B793CC90-B650-40F6-B445-8A31AA29979F}.Debug|Any CPU.Build.0 = Debug|Any CPU
		{B793CC90-B650-40F6-B445-8A31AA29979F}.Release|Any CPU.ActiveCfg = Release|Any CPU
		{B793CC90-B650-40F6-B445-8A31AA29979F}.Release|Any CPU.Build.0 = Release|Any CPU
		{92C2DBE0-C3FC-4ECE-ADE7-37F71E95C4DC}.Debug|Any CPU.ActiveCfg = Debug|Any CPU
		{92C2DBE0-C3FC-4ECE-ADE7-37F71E95C4DC}.Debug|Any CPU.Build.0 = Debug|Any CPU
		{92C2DBE0-C3FC-4ECE-ADE7-37F71E95C4DC}.Release|Any CPU.ActiveCfg = Release|Any CPU
		{92C2DBE0-C3FC-4ECE-ADE7-37F71E95C4DC}.Release|Any CPU.Build.0 = Release|Any CPU
		{8A142870-B1CB-43BE-9C06-FA10E460619B}.Debug|Any CPU.ActiveCfg = Debug|Any CPU
		{8A142870-B1CB-43BE-9C06-FA10E460619B}.Debug|Any CPU.Build.0 = Debug|Any CPU
		{8A142870-B1CB-43BE-9C06-FA10E460619B}.Release|Any CPU.ActiveCfg = Release|Any CPU
		{8A142870-B1CB-43BE-9C06-FA10E460619B}.Release|Any CPU.Build.0 = Release|Any CPU
		{F1AFA399-5B93-45BE-8295-E309AE6FA401}.Debug|Any CPU.ActiveCfg = Debug|Any CPU
		{F1AFA399-5B93-45BE-8295-E309AE6FA401}.Debug|Any CPU.Build.0 = Debug|Any CPU
		{F1AFA399-5B93-45BE-8295-E309AE6FA401}.Release|Any CPU.ActiveCfg = Release|Any CPU
		{F1AFA399-5B93-45BE-8295-E309AE6FA401}.Release|Any CPU.Build.0 = Release|Any CPU
		{3532BFCA-0291-4C63-BC33-2AB5986DA0E6}.Debug|Any CPU.ActiveCfg = Debug|Any CPU
		{3532BFCA-0291-4C63-BC33-2AB5986DA0E6}.Debug|Any CPU.Build.0 = Debug|Any CPU
		{3532BFCA-0291-4C63-BC33-2AB5986DA0E6}.Release|Any CPU.ActiveCfg = Release|Any CPU
		{3532BFCA-0291-4C63-BC33-2AB5986DA0E6}.Release|Any CPU.Build.0 = Release|Any CPU
		{DF381D3D-6DCF-42F1-88AF-A9EEEBC33838}.Debug|Any CPU.ActiveCfg = Debug|Any CPU
		{DF381D3D-6DCF-42F1-88AF-A9EEEBC33838}.Debug|Any CPU.Build.0 = Debug|Any CPU
		{DF381D3D-6DCF-42F1-88AF-A9EEEBC33838}.Release|Any CPU.ActiveCfg = Release|Any CPU
		{DF381D3D-6DCF-42F1-88AF-A9EEEBC33838}.Release|Any CPU.Build.0 = Release|Any CPU
		{09843585-9FCD-45AB-9158-F1D29C66C854}.Debug|Any CPU.ActiveCfg = Debug|Any CPU
		{09843585-9FCD-45AB-9158-F1D29C66C854}.Debug|Any CPU.Build.0 = Debug|Any CPU
		{09843585-9FCD-45AB-9158-F1D29C66C854}.Release|Any CPU.ActiveCfg = Release|Any CPU
		{09843585-9FCD-45AB-9158-F1D29C66C854}.Release|Any CPU.Build.0 = Release|Any CPU
		{04D86936-A93F-4FC2-B0F8-F750B5E5E4F9}.Debug|Any CPU.ActiveCfg = Debug|Any CPU
		{04D86936-A93F-4FC2-B0F8-F750B5E5E4F9}.Debug|Any CPU.Build.0 = Debug|Any CPU
		{04D86936-A93F-4FC2-B0F8-F750B5E5E4F9}.Release|Any CPU.ActiveCfg = Release|Any CPU
		{04D86936-A93F-4FC2-B0F8-F750B5E5E4F9}.Release|Any CPU.Build.0 = Release|Any CPU
		{BA77E840-855B-4472-B88C-8DAD8DA2197A}.Debug|Any CPU.ActiveCfg = Debug|Any CPU
		{BA77E840-855B-4472-B88C-8DAD8DA2197A}.Debug|Any CPU.Build.0 = Debug|Any CPU
		{BA77E840-855B-4472-B88C-8DAD8DA2197A}.Release|Any CPU.ActiveCfg = Release|Any CPU
		{BA77E840-855B-4472-B88C-8DAD8DA2197A}.Release|Any CPU.Build.0 = Release|Any CPU
	EndGlobalSection
	GlobalSection(SolutionProperties) = preSolution
		HideSolutionNode = FALSE
	EndGlobalSection
	GlobalSection(NestedProjects) = preSolution
		{4240BB02-89C1-4886-9214-A99A83A816D3} = {1242CFC6-1893-45E1-B209-10F6A9A98B53}
		{BE6F1B60-C900-4590-8BA6-DD142DF1697C} = {1242CFC6-1893-45E1-B209-10F6A9A98B53}
		{4ACBF864-0EEA-417A-BB7D-BA729C483AF3} = {66E20F17-E7B3-4B69-9970-75F36DE1C657}
		{B793CC90-B650-40F6-B445-8A31AA29979F} = {E2750413-E825-47F8-88B9-012C2232218D}
		{92C2DBE0-C3FC-4ECE-ADE7-37F71E95C4DC} = {E2750413-E825-47F8-88B9-012C2232218D}
		{AD01481B-C918-43CF-85A4-4F82DC2F8B1A} = {51210F47-2957-4974-9161-B34D6CA7F955}
		{8A142870-B1CB-43BE-9C06-FA10E460619B} = {AD01481B-C918-43CF-85A4-4F82DC2F8B1A}
		{B7D204FA-1E0D-4227-A255-25752E44E789} = {51210F47-2957-4974-9161-B34D6CA7F955}
		{F1AFA399-5B93-45BE-8295-E309AE6FA401} = {B7D204FA-1E0D-4227-A255-25752E44E789}
		{EC081ABD-A703-44BE-9615-7306E73ED101} = {51210F47-2957-4974-9161-B34D6CA7F955}
		{3532BFCA-0291-4C63-BC33-2AB5986DA0E6} = {EC081ABD-A703-44BE-9615-7306E73ED101}
		{DF381D3D-6DCF-42F1-88AF-A9EEEBC33838} = {EC081ABD-A703-44BE-9615-7306E73ED101}
		{09843585-9FCD-45AB-9158-F1D29C66C854} = {EC081ABD-A703-44BE-9615-7306E73ED101}
		{04D86936-A93F-4FC2-B0F8-F750B5E5E4F9} = {EC081ABD-A703-44BE-9615-7306E73ED101}
		{BA77E840-855B-4472-B88C-8DAD8DA2197A} = {1A70C23A-7233-42DA-9D1B-7637B866EE71}
	EndGlobalSection
	GlobalSection(ExtensibilityGlobals) = postSolution
		SolutionGuid = {FDE96102-13F4-4D14-89C7-14143F54726A}
	EndGlobalSection
EndGlobal
